
Microsoft Visual Studio Solution File, Format Version 12.00
# Visual Studio Version 16
VisualStudioVersion = 16.0.28803.452
MinimumVisualStudioVersion = 10.0.40219.1
Project("{9A19103F-16F7-4668-BE54-9A1E7A4F7556}") = "OnlineStore", "OnlineStore\OnlineStore.csproj", "{9B99ECDA-58D0-422C-ADBF-8CF8D8CD775B}"
EndProject
Project("{9A19103F-16F7-4668-BE54-9A1E7A4F7556}") = "DAL", "DAL\DAL.csproj", "{BC5017D7-E743-45BD-AD1B-8A87BB06CAB1}"
EndProject
Project("{2150E333-8FDC-42A3-9474-1A3956D46DE8}") = "Infrastructure", "Infrastructure", "{3A564CB5-5CF5-449F-8E15-7A6B7B87CBB4}"
EndProject
Project("{9A19103F-16F7-4668-BE54-9A1E7A4F7556}") = "Utilities", "Utilities\Utilities.csproj", "{1A2BDE20-D890-46BF-BAF7-F326724FB93B}"
EndProject
Project("{9A19103F-16F7-4668-BE54-9A1E7A4F7556}") = "TimiApp.Dapper", "TimiApp.Dapper\TimiApp.Dapper.csproj", "{1DD10BFE-F95A-4F94-9350-24B79BC59133}"
EndProject
Global
	GlobalSection(SolutionConfigurationPlatforms) = preSolution
		Debug|Any CPU = Debug|Any CPU
		Release|Any CPU = Release|Any CPU
	EndGlobalSection
	GlobalSection(ProjectConfigurationPlatforms) = postSolution
		{9B99ECDA-58D0-422C-ADBF-8CF8D8CD775B}.Debug|Any CPU.ActiveCfg = Debug|Any CPU
		{9B99ECDA-58D0-422C-ADBF-8CF8D8CD775B}.Debug|Any CPU.Build.0 = Debug|Any CPU
		{9B99ECDA-58D0-422C-ADBF-8CF8D8CD775B}.Release|Any CPU.ActiveCfg = Release|Any CPU
		{9B99ECDA-58D0-422C-ADBF-8CF8D8CD775B}.Release|Any CPU.Build.0 = Release|Any CPU
		{BC5017D7-E743-45BD-AD1B-8A87BB06CAB1}.Debug|Any CPU.ActiveCfg = Debug|Any CPU
		{BC5017D7-E743-45BD-AD1B-8A87BB06CAB1}.Debug|Any CPU.Build.0 = Debug|Any CPU
		{BC5017D7-E743-45BD-AD1B-8A87BB06CAB1}.Release|Any CPU.ActiveCfg = Release|Any CPU
		{BC5017D7-E743-45BD-AD1B-8A87BB06CAB1}.Release|Any CPU.Build.0 = Release|Any CPU
		{1A2BDE20-D890-46BF-BAF7-F326724FB93B}.Debug|Any CPU.ActiveCfg = Debug|Any CPU
		{1A2BDE20-D890-46BF-BAF7-F326724FB93B}.Debug|Any CPU.Build.0 = Debug|Any CPU
		{1A2BDE20-D890-46BF-BAF7-F326724FB93B}.Release|Any CPU.ActiveCfg = Release|Any CPU
		{1A2BDE20-D890-46BF-BAF7-F326724FB93B}.Release|Any CPU.Build.0 = Release|Any CPU
		{1DD10BFE-F95A-4F94-9350-24B79BC59133}.Debug|Any CPU.ActiveCfg = Debug|Any CPU
		{1DD10BFE-F95A-4F94-9350-24B79BC59133}.Debug|Any CPU.Build.0 = Debug|Any CPU
		{1DD10BFE-F95A-4F94-9350-24B79BC59133}.Release|Any CPU.ActiveCfg = Release|Any CPU
		{1DD10BFE-F95A-4F94-9350-24B79BC59133}.Release|Any CPU.Build.0 = Release|Any CPU
	EndGlobalSection
	GlobalSection(SolutionProperties) = preSolution
		HideSolutionNode = FALSE
	EndGlobalSection
	GlobalSection(NestedProjects) = preSolution
		{1A2BDE20-D890-46BF-BAF7-F326724FB93B} = {3A564CB5-5CF5-449F-8E15-7A6B7B87CBB4}
	EndGlobalSection
	GlobalSection(ExtensibilityGlobals) = postSolution
		SolutionGuid = {2B9DF3C9-4BB5-4CB6-9FAC-B89896F5E1F3}
	EndGlobalSection
EndGlobal
