
Microsoft Visual Studio Solution File, Format Version 12.00
# Visual Studio 15
VisualStudioVersion = 15.0.28010.2026
MinimumVisualStudioVersion = 10.0.40219.1
Project("{FAE04EC0-301F-11D3-BF4B-00C04F79EFBC}") = "OnlineStore", "OnlineStore\OnlineStore.csproj", "{9B99ECDA-58D0-422C-ADBF-8CF8D8CD775B}"
EndProject
Project("{9A19103F-16F7-4668-BE54-9A1E7A4F7556}") = "DAL", "DAL\DAL.csproj", "{BC5017D7-E743-45BD-AD1B-8A87BB06CAB1}"
EndProject
Global
	GlobalSection(SolutionConfigurationPlatforms) = preSolution
		Debug|Any CPU = Debug|Any CPU
		Release|Any CPU = Release|Any CPU
	EndGlobalSection
	GlobalSection(ProjectConfigurationPlatforms) = postSolution
		{9B99ECDA-58D0-422C-ADBF-8CF8D8CD775B}.Debug|Any CPU.ActiveCfg = Debug|Any CPU
		{9B99ECDA-58D0-422C-ADBF-8CF8D8CD775B}.Debug|Any CPU.Build.0 = Debug|Any CPU
		{9B99ECDA-58D0-422C-ADBF-8CF8D8CD775B}.Release|Any CPU.ActiveCfg = Release|Any CPU
		{9B99ECDA-58D0-422C-ADBF-8CF8D8CD775B}.Release|Any CPU.Build.0 = Release|Any CPU
		{BC5017D7-E743-45BD-AD1B-8A87BB06CAB1}.Debug|Any CPU.ActiveCfg = Debug|Any CPU
		{BC5017D7-E743-45BD-AD1B-8A87BB06CAB1}.Debug|Any CPU.Build.0 = Debug|Any CPU
		{BC5017D7-E743-45BD-AD1B-8A87BB06CAB1}.Release|Any CPU.ActiveCfg = Release|Any CPU
		{BC5017D7-E743-45BD-AD1B-8A87BB06CAB1}.Release|Any CPU.Build.0 = Release|Any CPU
	EndGlobalSection
	GlobalSection(SolutionProperties) = preSolution
		HideSolutionNode = FALSE
	EndGlobalSection
	GlobalSection(ExtensibilityGlobals) = postSolution
		SolutionGuid = {2B9DF3C9-4BB5-4CB6-9FAC-B89896F5E1F3}
	EndGlobalSection
EndGlobal
